// !$*UTF8*$!
{
	archiveVersion = 1;
	classes = {
	};
	objectVersion = 50;
	objects = {

/* Begin PBXBuildFile section */
		00381C2A213D1F020011E536 /* AppDelegate.m in Sources */ = {isa = PBXBuildFile; fileRef = 00381C29213D1F020011E536 /* AppDelegate.m */; };
		00381C2D213D1F020011E536 /* ViewController.m in Sources */ = {isa = PBXBuildFile; fileRef = 00381C2C213D1F020011E536 /* ViewController.m */; };
		00381C30213D1F020011E536 /* Main.storyboard in Resources */ = {isa = PBXBuildFile; fileRef = 00381C2E213D1F020011E536 /* Main.storyboard */; };
		00381C32213D1F030011E536 /* Assets.xcassets in Resources */ = {isa = PBXBuildFile; fileRef = 00381C31213D1F030011E536 /* Assets.xcassets */; };
		00381C35213D1F030011E536 /* LaunchScreen.storyboard in Resources */ = {isa = PBXBuildFile; fileRef = 00381C33213D1F030011E536 /* LaunchScreen.storyboard */; };
		00381C38213D1F040011E536 /* main.mm in Sources */ = {isa = PBXBuildFile; fileRef = 00381C37213D1F040011E536 /* main.mm */; };
		00381C4A213D29E80011E536 /* libz.tbd in Frameworks */ = {isa = PBXBuildFile; fileRef = 00381C49213D29E70011E536 /* libz.tbd */; };
		00381C4C213D2AA40011E536 /* CoreTelephony.framework in Frameworks */ = {isa = PBXBuildFile; fileRef = 00381C4B213D2AA40011E536 /* CoreTelephony.framework */; };
		00381C4D213D2AD40011E536 /* SystemConfiguration.framework in Frameworks */ = {isa = PBXBuildFile; fileRef = 00381C43213D20220011E536 /* SystemConfiguration.framework */; };
		00381C4F213D2BDA0011E536 /* mars.framework in Frameworks */ = {isa = PBXBuildFile; fileRef = 00381C4E213D2BDA0011E536 /* mars.framework */; };
/* End PBXBuildFile section */

/* Begin PBXFileReference section */
		00381C25213D1F020011E536 /* HCXLog_less.app */ = {isa = PBXFileReference; explicitFileType = wrapper.application; includeInIndex = 0; path = HCXLog_less.app; sourceTree = BUILT_PRODUCTS_DIR; };
		00381C28213D1F020011E536 /* AppDelegate.h */ = {isa = PBXFileReference; lastKnownFileType = sourcecode.c.h; path = AppDelegate.h; sourceTree = "<group>"; };
		00381C29213D1F020011E536 /* AppDelegate.m */ = {isa = PBXFileReference; lastKnownFileType = sourcecode.c.objc; path = AppDelegate.m; sourceTree = "<group>"; };
		00381C2B213D1F020011E536 /* ViewController.h */ = {isa = PBXFileReference; lastKnownFileType = sourcecode.c.h; path = ViewController.h; sourceTree = "<group>"; };
		00381C2C213D1F020011E536 /* ViewController.m */ = {isa = PBXFileReference; lastKnownFileType = sourcecode.c.objc; path = ViewController.m; sourceTree = "<group>"; };
		00381C2F213D1F020011E536 /* Base */ = {isa = PBXFileReference; lastKnownFileType = file.storyboard; name = Base; path = Base.lproj/Main.storyboard; sourceTree = "<group>"; };
		00381C31213D1F030011E536 /* Assets.xcassets */ = {isa = PBXFileReference; lastKnownFileType = folder.assetcatalog; path = Assets.xcassets; sourceTree = "<group>"; };
		00381C34213D1F030011E536 /* Base */ = {isa = PBXFileReference; lastKnownFileType = file.storyboard; name = Base; path = Base.lproj/LaunchScreen.storyboard; sourceTree = "<group>"; };
		00381C36213D1F030011E536 /* Info.plist */ = {isa = PBXFileReference; lastKnownFileType = text.plist.xml; path = Info.plist; sourceTree = "<group>"; };
		00381C37213D1F040011E536 /* main.mm */ = {isa = PBXFileReference; lastKnownFileType = sourcecode.cpp.objcpp; path = main.mm; sourceTree = "<group>"; };
		00381C43213D20220011E536 /* SystemConfiguration.framework */ = {isa = PBXFileReference; lastKnownFileType = wrapper.framework; name = SystemConfiguration.framework; path = System/Library/Frameworks/SystemConfiguration.framework; sourceTree = SDKROOT; };
		00381C49213D29E70011E536 /* libz.tbd */ = {isa = PBXFileReference; lastKnownFileType = "sourcecode.text-based-dylib-definition"; name = libz.tbd; path = usr/lib/libz.tbd; sourceTree = SDKROOT; };
		00381C4B213D2AA40011E536 /* CoreTelephony.framework */ = {isa = PBXFileReference; lastKnownFileType = wrapper.framework; name = CoreTelephony.framework; path = System/Library/Frameworks/CoreTelephony.framework; sourceTree = SDKROOT; };
		00381C4E213D2BDA0011E536 /* mars.framework */ = {isa = PBXFileReference; lastKnownFileType = wrapper.framework; path = mars.framework; sourceTree = "<group>"; };
/* End PBXFileReference section */

/* Begin PBXFrameworksBuildPhase section */
		00381C22213D1F020011E536 /* Frameworks */ = {
			isa = PBXFrameworksBuildPhase;
			buildActionMask = 2147483647;
			files = (
				00381C4F213D2BDA0011E536 /* mars.framework in Frameworks */,
				00381C4D213D2AD40011E536 /* SystemConfiguration.framework in Frameworks */,
				00381C4C213D2AA40011E536 /* CoreTelephony.framework in Frameworks */,
				00381C4A213D29E80011E536 /* libz.tbd in Frameworks */,
			);
			runOnlyForDeploymentPostprocessing = 0;
		};
/* End PBXFrameworksBuildPhase section */

/* Begin PBXGroup section */
		00381C1C213D1F020011E536 = {
			isa = PBXGroup;
			children = (
				00381C27213D1F020011E536 /* HCXLog_less */,
				00381C26213D1F020011E536 /* Products */,
				00381C3E213D1F6A0011E536 /* Frameworks */,
			);
			sourceTree = "<group>";
		};
		00381C26213D1F020011E536 /* Products */ = {
			isa = PBXGroup;
			children = (
				00381C25213D1F020011E536 /* HCXLog_less.app */,
			);
			name = Products;
			sourceTree = "<group>";
		};
		00381C27213D1F020011E536 /* HCXLog_less */ = {
			isa = PBXGroup;
			children = (
				00381C28213D1F020011E536 /* AppDelegate.h */,
				00381C29213D1F020011E536 /* AppDelegate.m */,
				00381C2B213D1F020011E536 /* ViewController.h */,
				00381C2C213D1F020011E536 /* ViewController.m */,
				00381C2E213D1F020011E536 /* Main.storyboard */,
				00381C31213D1F030011E536 /* Assets.xcassets */,
				00381C33213D1F030011E536 /* LaunchScreen.storyboard */,
				00381C36213D1F030011E536 /* Info.plist */,
				00381C37213D1F040011E536 /* main.mm */,
			);
			path = HCXLog_less;
			sourceTree = "<group>";
		};
		00381C3E213D1F6A0011E536 /* Frameworks */ = {
			isa = PBXGroup;
			children = (
				00381C4E213D2BDA0011E536 /* mars.framework */,
				00381C4B213D2AA40011E536 /* CoreTelephony.framework */,
				00381C49213D29E70011E536 /* libz.tbd */,
				00381C43213D20220011E536 /* SystemConfiguration.framework */,
			);
			name = Frameworks;
			sourceTree = "<group>";
		};
/* End PBXGroup section */

/* Begin PBXNativeTarget section */
		00381C24213D1F020011E536 /* HCXLog_less */ = {
			isa = PBXNativeTarget;
			buildConfigurationList = 00381C3B213D1F040011E536 /* Build configuration list for PBXNativeTarget "HCXLog_less" */;
			buildPhases = (
				00381C21213D1F020011E536 /* Sources */,
				00381C22213D1F020011E536 /* Frameworks */,
				00381C23213D1F020011E536 /* Resources */,
			);
			buildRules = (
			);
			dependencies = (
			);
			name = HCXLog_less;
			productName = HCXLog_less;
			productReference = 00381C25213D1F020011E536 /* HCXLog_less.app */;
			productType = "com.apple.product-type.application";
		};
/* End PBXNativeTarget section */

/* Begin PBXProject section */
		00381C1D213D1F020011E536 /* Project object */ = {
			isa = PBXProject;
			attributes = {
				LastUpgradeCheck = 0940;
				ORGANIZATIONNAME = huanghongchang;
				TargetAttributes = {
					00381C24213D1F020011E536 = {
						CreatedOnToolsVersion = 9.4.1;
					};
				};
			};
			buildConfigurationList = 00381C20213D1F020011E536 /* Build configuration list for PBXProject "HCXLog_less" */;
			compatibilityVersion = "Xcode 9.3";
			developmentRegion = en;
			hasScannedForEncodings = 0;
			knownRegions = (
				en,
				Base,
			);
			mainGroup = 00381C1C213D1F020011E536;
			productRefGroup = 00381C26213D1F020011E536 /* Products */;
			projectDirPath = "";
			projectRoot = "";
			targets = (
				00381C24213D1F020011E536 /* HCXLog_less */,
			);
		};
/* End PBXProject section */

/* Begin PBXResourcesBuildPhase section */
		00381C23213D1F020011E536 /* Resources */ = {
			isa = PBXResourcesBuildPhase;
			buildActionMask = 2147483647;
			files = (
				00381C35213D1F030011E536 /* LaunchScreen.storyboard in Resources */,
				00381C32213D1F030011E536 /* Assets.xcassets in Resources */,
				00381C30213D1F020011E536 /* Main.storyboard in Resources */,
			);
			runOnlyForDeploymentPostprocessing = 0;
		};
/* End PBXResourcesBuildPhase section */

/* Begin PBXSourcesBuildPhase section */
		00381C21213D1F020011E536 /* Sources */ = {
			isa = PBXSourcesBuildPhase;
			buildActionMask = 2147483647;
			files = (
				00381C2D213D1F020011E536 /* ViewController.m in Sources */,
				00381C38213D1F040011E536 /* main.mm in Sources */,
				00381C2A213D1F020011E536 /* AppDelegate.m in Sources */,
			);
			runOnlyForDeploymentPostprocessing = 0;
		};
/* End PBXSourcesBuildPhase section */

/* Begin PBXVariantGroup section */
		00381C2E213D1F020011E536 /* Main.storyboard */ = {
			isa = PBXVariantGroup;
			children = (
				00381C2F213D1F020011E536 /* Base */,
			);
			name = Main.storyboard;
			sourceTree = "<group>";
		};
		00381C33213D1F030011E536 /* LaunchScreen.storyboard */ = {
			isa = PBXVariantGroup;
			children = (
				00381C34213D1F030011E536 /* Base */,
			);
			name = LaunchScreen.storyboard;
			sourceTree = "<group>";
		};
/* End PBXVariantGroup section */

/* Begin XCBuildConfiguration section */
		00381C39213D1F040011E536 /* Debug */ = {
			isa = XCBuildConfiguration;
			buildSettings = {
				ALWAYS_SEARCH_USER_PATHS = NO;
				CLANG_ANALYZER_NONNULL = YES;
				CLANG_ANALYZER_NUMBER_OBJECT_CONVERSION = YES_AGGRESSIVE;
				CLANG_CXX_LANGUAGE_STANDARD = "gnu++14";
				CLANG_CXX_LIBRARY = "libc++";
				CLANG_ENABLE_MODULES = YES;
				CLANG_ENABLE_OBJC_ARC = YES;
				CLANG_ENABLE_OBJC_WEAK = YES;
				CLANG_WARN_BLOCK_CAPTURE_AUTORELEASING = YES;
				CLANG_WARN_BOOL_CONVERSION = YES;
				CLANG_WARN_COMMA = YES;
				CLANG_WARN_CONSTANT_CONVERSION = YES;
				CLANG_WARN_DEPRECATED_OBJC_IMPLEMENTATIONS = YES;
				CLANG_WARN_DIRECT_OBJC_ISA_USAGE = YES_ERROR;
				CLANG_WARN_DOCUMENTATION_COMMENTS = YES;
				CLANG_WARN_EMPTY_BODY = YES;
				CLANG_WARN_ENUM_CONVERSION = YES;
				CLANG_WARN_INFINITE_RECURSION = YES;
				CLANG_WARN_INT_CONVERSION = YES;
				CLANG_WARN_NON_LITERAL_NULL_CONVERSION = YES;
				CLANG_WARN_OBJC_IMPLICIT_RETAIN_SELF = YES;
				CLANG_WARN_OBJC_LITERAL_CONVERSION = YES;
				CLANG_WARN_OBJC_ROOT_CLASS = YES_ERROR;
				CLANG_WARN_RANGE_LOOP_ANALYSIS = YES;
				CLANG_WARN_STRICT_PROTOTYPES = YES;
				CLANG_WARN_SUSPICIOUS_MOVE = YES;
				CLANG_WARN_UNGUARDED_AVAILABILITY = YES_AGGRESSIVE;
				CLANG_WARN_UNREACHABLE_CODE = YES;
				CLANG_WARN__DUPLICATE_METHOD_MATCH = YES;
				CODE_SIGN_IDENTITY = "iPhone Developer";
				COPY_PHASE_STRIP = NO;
				DEBUG_INFORMATION_FORMAT = dwarf;
				ENABLE_STRICT_OBJC_MSGSEND = YES;
				ENABLE_TESTABILITY = YES;
				GCC_C_LANGUAGE_STANDARD = gnu11;
				GCC_DYNAMIC_NO_PIC = NO;
				GCC_NO_COMMON_BLOCKS = YES;
				GCC_OPTIMIZATION_LEVEL = 0;
				GCC_PREPROCESSOR_DEFINITIONS = (
					"DEBUG=1",
					"$(inherited)",
				);
				GCC_WARN_64_TO_32_BIT_CONVERSION = YES;
				GCC_WARN_ABOUT_RETURN_TYPE = YES_ERROR;
				GCC_WARN_UNDECLARED_SELECTOR = YES;
				GCC_WARN_UNINITIALIZED_AUTOS = YES_AGGRESSIVE;
				GCC_WARN_UNUSED_FUNCTION = YES;
				GCC_WARN_UNUSED_VARIABLE = YES;
				IPHONEOS_DEPLOYMENT_TARGET = 11.4;
				MTL_ENABLE_DEBUG_INFO = YES;
				ONLY_ACTIVE_ARCH = YES;
				SDKROOT = iphoneos;
			};
			name = Debug;
		};
		00381C3A213D1F040011E536 /* Release */ = {
			isa = XCBuildConfiguration;
			buildSettings = {
				ALWAYS_SEARCH_USER_PATHS = NO;
				CLANG_ANALYZER_NONNULL = YES;
				CLANG_ANALYZER_NUMBER_OBJECT_CONVERSION = YES_AGGRESSIVE;
				CLANG_CXX_LANGUAGE_STANDARD = "gnu++14";
				CLANG_CXX_LIBRARY = "libc++";
				CLANG_ENABLE_MODULES = YES;
				CLANG_ENABLE_OBJC_ARC = YES;
				CLANG_ENABLE_OBJC_WEAK = YES;
				CLANG_WARN_BLOCK_CAPTURE_AUTORELEASING = YES;
				CLANG_WARN_BOOL_CONVERSION = YES;
				CLANG_WARN_COMMA = YES;
				CLANG_WARN_CONSTANT_CONVERSION = YES;
				CLANG_WARN_DEPRECATED_OBJC_IMPLEMENTATIONS = YES;
				CLANG_WARN_DIRECT_OBJC_ISA_USAGE = YES_ERROR;
				CLANG_WARN_DOCUMENTATION_COMMENTS = YES;
				CLANG_WARN_EMPTY_BODY = YES;
				CLANG_WARN_ENUM_CONVERSION = YES;
				CLANG_WARN_INFINITE_RECURSION = YES;
				CLANG_WARN_INT_CONVERSION = YES;
				CLANG_WARN_NON_LITERAL_NULL_CONVERSION = YES;
				CLANG_WARN_OBJC_IMPLICIT_RETAIN_SELF = YES;
				CLANG_WARN_OBJC_LITERAL_CONVERSION = YES;
				CLANG_WARN_OBJC_ROOT_CLASS = YES_ERROR;
				CLANG_WARN_RANGE_LOOP_ANALYSIS = YES;
				CLANG_WARN_STRICT_PROTOTYPES = YES;
				CLANG_WARN_SUSPICIOUS_MOVE = YES;
				CLANG_WARN_UNGUARDED_AVAILABILITY = YES_AGGRESSIVE;
				CLANG_WARN_UNREACHABLE_CODE = YES;
				CLANG_WARN__DUPLICATE_METHOD_MATCH = YES;
				CODE_SIGN_IDENTITY = "iPhone Developer";
				COPY_PHASE_STRIP = NO;
				DEBUG_INFORMATION_FORMAT = "dwarf-with-dsym";
				ENABLE_NS_ASSERTIONS = NO;
				ENABLE_STRICT_OBJC_MSGSEND = YES;
				GCC_C_LANGUAGE_STANDARD = gnu11;
				GCC_NO_COMMON_BLOCKS = YES;
				GCC_WARN_64_TO_32_BIT_CONVERSION = YES;
				GCC_WARN_ABOUT_RETURN_TYPE = YES_ERROR;
				GCC_WARN_UNDECLARED_SELECTOR = YES;
				GCC_WARN_UNINITIALIZED_AUTOS = YES_AGGRESSIVE;
				GCC_WARN_UNUSED_FUNCTION = YES;
				GCC_WARN_UNUSED_VARIABLE = YES;
				IPHONEOS_DEPLOYMENT_TARGET = 11.4;
				MTL_ENABLE_DEBUG_INFO = NO;
				SDKROOT = iphoneos;
				VALIDATE_PRODUCT = YES;
			};
			name = Release;
		};
		00381C3C213D1F040011E536 /* Debug */ = {
			isa = XCBuildConfiguration;
			buildSettings = {
				ASSETCATALOG_COMPILER_APPICON_NAME = AppIcon;
				CODE_SIGN_STYLE = Automatic;
				DEVELOPMENT_TEAM = 4LBB7E8KZP;
				FRAMEWORK_SEARCH_PATHS = (
					"$(inherited)",
					"$(PROJECT_DIR)",
				);
				INFOPLIST_FILE = HCXLog_less/Info.plist;
				LD_RUNPATH_SEARCH_PATHS = (
					"$(inherited)",
					"@executable_path/Frameworks",
				);
				PRODUCT_BUNDLE_IDENTIFIER = "com.hhctest.HCXLog-less";
				PRODUCT_NAME = "$(TARGET_NAME)";
				TARGETED_DEVICE_FAMILY = "1,2";
			};
			name = Debug;
		};
		00381C3D213D1F040011E536 /* Release */ = {
			isa = XCBuildConfiguration;
			buildSettings = {
				ASSETCATALOG_COMPILER_APPICON_NAME = AppIcon;
				CODE_SIGN_STYLE = Automatic;
				DEVELOPMENT_TEAM = 4LBB7E8KZP;
				FRAMEWORK_SEARCH_PATHS = (
					"$(inherited)",
					"$(PROJECT_DIR)",
				);
				INFOPLIST_FILE = HCXLog_less/Info.plist;
				LD_RUNPATH_SEARCH_PATHS = (
					"$(inherited)",
					"@executable_path/Frameworks",
				);
				PRODUCT_BUNDLE_IDENTIFIER = "com.hhctest.HCXLog-less";
				PRODUCT_NAME = "$(TARGET_NAME)";
				TARGETED_DEVICE_FAMILY = "1,2";
			};
			name = Release;
		};
/* End XCBuildConfiguration section */

/* Begin XCConfigurationList section */
		00381C20213D1F020011E536 /* Build configuration list for PBXProject "HCXLog_less" */ = {
			isa = XCConfigurationList;
			buildConfigurations = (
				00381C39213D1F040011E536 /* Debug */,
				00381C3A213D1F040011E536 /* Release */,
			);
			defaultConfigurationIsVisible = 0;
			defaultConfigurationName = Release;
		};
		00381C3B213D1F040011E536 /* Build configuration list for PBXNativeTarget "HCXLog_less" */ = {
			isa = XCConfigurationList;
			buildConfigurations = (
				00381C3C213D1F040011E536 /* Debug */,
				00381C3D213D1F040011E536 /* Release */,
			);
			defaultConfigurationIsVisible = 0;
			defaultConfigurationName = Release;
		};
/* End XCConfigurationList section */
	};
	rootObject = 00381C1D213D1F020011E536 /* Project object */;
}
